
Microsoft Visual Studio Solution File, Format Version 12.00
# Visual Studio Version 17
VisualStudioVersion = 17.8.34330.188
MinimumVisualStudioVersion = 10.0.40219.1
Project("{FAE04EC0-301F-11D3-BF4B-00C04F79EFBC}") = "HouseRentingSystem", "HouseRentingSystem\HouseRentingSystem.csproj", "{CF106D0A-842F-4952-973C-8A8B2DAF1731}"
EndProject
Project("{FAE04EC0-301F-11D3-BF4B-00C04F79EFBC}") = "HouseRentingSystem.Core", "HouseRentingSystem.Core\HouseRentingSystem.Core.csproj", "{D27F75F7-38B3-4395-9ECA-EC931B9828D0}"
EndProject
Project("{FAE04EC0-301F-11D3-BF4B-00C04F79EFBC}") = "HouseRentingSystem.Infrastructure", "HouseRentingSystem.Infrastructure\HouseRentingSystem.Infrastructure.csproj", "{56D329C9-7B5F-4126-9E9F-7F729142F663}"
EndProject
Global
	GlobalSection(SolutionConfigurationPlatforms) = preSolution
		Debug|Any CPU = Debug|Any CPU
		Release|Any CPU = Release|Any CPU
	EndGlobalSection
	GlobalSection(ProjectConfigurationPlatforms) = postSolution
		{CF106D0A-842F-4952-973C-8A8B2DAF1731}.Debug|Any CPU.ActiveCfg = Debug|Any CPU
		{CF106D0A-842F-4952-973C-8A8B2DAF1731}.Debug|Any CPU.Build.0 = Debug|Any CPU
		{CF106D0A-842F-4952-973C-8A8B2DAF1731}.Release|Any CPU.ActiveCfg = Release|Any CPU
		{CF106D0A-842F-4952-973C-8A8B2DAF1731}.Release|Any CPU.Build.0 = Release|Any CPU
		{D27F75F7-38B3-4395-9ECA-EC931B9828D0}.Debug|Any CPU.ActiveCfg = Debug|Any CPU
		{D27F75F7-38B3-4395-9ECA-EC931B9828D0}.Debug|Any CPU.Build.0 = Debug|Any CPU
		{D27F75F7-38B3-4395-9ECA-EC931B9828D0}.Release|Any CPU.ActiveCfg = Release|Any CPU
		{D27F75F7-38B3-4395-9ECA-EC931B9828D0}.Release|Any CPU.Build.0 = Release|Any CPU
		{56D329C9-7B5F-4126-9E9F-7F729142F663}.Debug|Any CPU.ActiveCfg = Debug|Any CPU
		{56D329C9-7B5F-4126-9E9F-7F729142F663}.Debug|Any CPU.Build.0 = Debug|Any CPU
		{56D329C9-7B5F-4126-9E9F-7F729142F663}.Release|Any CPU.ActiveCfg = Release|Any CPU
		{56D329C9-7B5F-4126-9E9F-7F729142F663}.Release|Any CPU.Build.0 = Release|Any CPU
	EndGlobalSection
	GlobalSection(SolutionProperties) = preSolution
		HideSolutionNode = FALSE
	EndGlobalSection
	GlobalSection(ExtensibilityGlobals) = postSolution
		SolutionGuid = {0E6AF2BD-5517-4597-9EB0-A2A0A976209E}
	EndGlobalSection
EndGlobal
